PODS:
  - BoringSSL (2.0)
  - FontAwesome+iOS (0.1.4)
  - gRPC (0.12.0):
    - gRPC/C-Core (= 0.12.0)
    - gRPC/GRPCClient (= 0.12.0)
    - gRPC/ProtoRPC (= 0.12.0)
    - gRPC/RxLibrary (= 0.12.0)
  - gRPC/C-Core (0.12.0):
    - BoringSSL (~> 2.0)
  - gRPC/GRPCClient (0.12.0):
    - gRPC/C-Core
    - gRPC/RxLibrary
  - gRPC/ProtoRPC (0.12.0):
    - gRPC/GRPCClient
    - gRPC/RxLibrary
    - Protobuf (~> 3.0.0-alpha-4)
  - gRPC/RxLibrary (0.12.0)
  - gRPC_pod (0.0.1):
    - gRPC_pod/Messages (= 0.0.1)
    - gRPC_pod/Services (= 0.0.1)
  - gRPC_pod/Messages (0.0.1):
    - Protobuf (~> 3.0.0-alpha-4)
  - gRPC_pod/Services (0.0.1):
    - gRPC (~> 0.11)
    - gRPC_pod/Messages
  - HexColors (2.2.1)
  - JDStatusBarNotification (1.5.2)
  - PNChart (0.8.7):
    - UICountingLabel (~> 1.2.0)
  - pop (1.0.8)
  - PopMenu (2.4):
    - pop
    - XHRealTimeBlur
  - PPiAwesomeButton (1.5.2):
    - FontAwesome+iOS
  - Protobuf (3.0.0-beta-2)
  - TSMessages (0.9.12):
    - HexColors (~> 2.2.0)
  - UICountingLabel (1.2.0)
  - XHRealTimeBlur (1.7)

DEPENDENCIES:
  - gRPC_pod (from `./Server`)
  - JDStatusBarNotification
  - PNChart
  - PopMenu
  - PPiAwesomeButton
  - TSMessages

EXTERNAL SOURCES:
  gRPC_pod:
    :path: ./Server

SPEC CHECKSUMS:
  BoringSSL: f9f1d54e79ad1795d8f47892009b1ba3de951c89
  FontAwesome+iOS: 9070b682a9255ca0fdc34bcfb129ad0ba2b73b87
  gRPC: 297fd91f82b8f36e6984cb701aa91eb3a2f1ef6c
  gRPC_pod: b917c2b340a6fe24877d4c74cf8637f0dfc85b59
  HexColors: abfd172e329dab59888614ccba6f216cec59289d
  JDStatusBarNotification: a36d09ccbb047217572b074a61e7ca10dddc5f0a
  PNChart: c1755716bbd45386d2035b2bf2ce73e6d3f8cb22
  pop: bb773ae2c791ca2629de13b347e7a8b450fa6a57
  PopMenu: 26b97baeaf250070f4f61b93727ca86d127d7bc5
  PPiAwesomeButton: 16f7279582fd36f65186b24b83ef876217363eb5
  Protobuf: f6e2be538e98cf00d9c00b276a32b7995b1f0328
  TSMessages: c8cc7b80f2a833af533872cd02010cac061532cc
  UICountingLabel: 1db4e7d023e1762171eb226d6dff47a7a84f27aa
  XHRealTimeBlur: 661fadd5691ba2d349758e8fd5fbdb499ac55f8c

COCOAPODS: 0.39.0
